
Microsoft Visual Studio Solution File, Format Version 12.00
# Visual Studio Version 17
VisualStudioVersion = 17.6.33723.286
MinimumVisualStudioVersion = 10.0.40219.1
Project("{FAE04EC0-301F-11D3-BF4B-00C04F79EFBC}") = "koen&koelkast", "koen&koelkast\koen&koelkast.csproj", "{F394B45F-DB34-4C27-AD4E-D764552FDFA2}"
EndProject
Global
	GlobalSection(SolutionConfigurationPlatforms) = preSolution
		Debug|Any CPU = Debug|Any CPU
		Release|Any CPU = Release|Any CPU
	EndGlobalSection
	GlobalSection(ProjectConfigurationPlatforms) = postSolution
		{F394B45F-DB34-4C27-AD4E-D764552FDFA2}.Debug|Any CPU.ActiveCfg = Debug|Any CPU
		{F394B45F-DB34-4C27-AD4E-D764552FDFA2}.Debug|Any CPU.Build.0 = Debug|Any CPU
		{F394B45F-DB34-4C27-AD4E-D764552FDFA2}.Release|Any CPU.ActiveCfg = Release|Any CPU
		{F394B45F-DB34-4C27-AD4E-D764552FDFA2}.Release|Any CPU.Build.0 = Release|Any CPU
	EndGlobalSection
	GlobalSection(SolutionProperties) = preSolution
		HideSolutionNode = FALSE
	EndGlobalSection
	GlobalSection(ExtensibilityGlobals) = postSolution
		SolutionGuid = {82138F4E-C13A-4231-99AC-64A1CC701CBC}
	EndGlobalSection
EndGlobal
